
Microsoft Visual Studio Solution File, Format Version 12.00
# Visual Studio Version 16
VisualStudioVersion = 16.0.35731.53
MinimumVisualStudioVersion = 10.0.40219.1
Project("{8BC9CEB8-8B4A-11D0-8D11-00A0C91BC942}") = "DIC_Preconditioner_CUDA_LoSort", "DIC_Preconditioner_CUDA_LoSort.vcxproj", "{08B718EA-CA3D-4E7E-9523-FC126BBDDB97}"
EndProject
Global
	GlobalSection(SolutionConfigurationPlatforms) = preSolution
		Debug|x64 = Debug|x64
		Release|x64 = Release|x64
	EndGlobalSection
	GlobalSection(ProjectConfigurationPlatforms) = postSolution
		{08B718EA-CA3D-4E7E-9523-FC126BBDDB97}.Debug|x64.ActiveCfg = Debug|x64
		{08B718EA-CA3D-4E7E-9523-FC126BBDDB97}.Debug|x64.Build.0 = Debug|x64
		{08B718EA-CA3D-4E7E-9523-FC126BBDDB97}.Release|x64.ActiveCfg = Release|x64
		{08B718EA-CA3D-4E7E-9523-FC126BBDDB97}.Release|x64.Build.0 = Release|x64
	EndGlobalSection
	GlobalSection(SolutionProperties) = preSolution
		HideSolutionNode = FALSE
	EndGlobalSection
	GlobalSection(ExtensibilityGlobals) = postSolution
		SolutionGuid = {38925D54-8693-4846-BB1F-590B61511277}
	EndGlobalSection
EndGlobal
