
Microsoft Visual Studio Solution File, Format Version 12.00
# Visual Studio Version 16
VisualStudioVersion = 16.0.36107.64
MinimumVisualStudioVersion = 10.0.40219.1
Project("{8BC9CEB8-8B4A-11D0-8D11-00A0C91BC942}") = "DIC_Preconditioner_LoSort_Textures", "DIC_Preconditioner_LoSort_Textures.vcxproj", "{23599CDD-56D7-4EB0-AA30-1F8ACC3D1AF7}"
EndProject
Global
	GlobalSection(SolutionConfigurationPlatforms) = preSolution
		Debug|x64 = Debug|x64
		Release|x64 = Release|x64
	EndGlobalSection
	GlobalSection(ProjectConfigurationPlatforms) = postSolution
		{23599CDD-56D7-4EB0-AA30-1F8ACC3D1AF7}.Debug|x64.ActiveCfg = Debug|x64
		{23599CDD-56D7-4EB0-AA30-1F8ACC3D1AF7}.Debug|x64.Build.0 = Debug|x64
		{23599CDD-56D7-4EB0-AA30-1F8ACC3D1AF7}.Release|x64.ActiveCfg = Release|x64
		{23599CDD-56D7-4EB0-AA30-1F8ACC3D1AF7}.Release|x64.Build.0 = Release|x64
	EndGlobalSection
	GlobalSection(SolutionProperties) = preSolution
		HideSolutionNode = FALSE
	EndGlobalSection
	GlobalSection(ExtensibilityGlobals) = postSolution
		SolutionGuid = {C998173A-229D-41F9-8220-8C103662D46D}
	EndGlobalSection
EndGlobal
